
Microsoft Visual Studio Solution File, Format Version 12.00
# Visual Studio Version 16
VisualStudioVersion = 16.0.30002.166
MinimumVisualStudioVersion = 10.0.40219.1
Project("{888888A0-9F3D-457C-B088-3A5042F75D52}") = "Test_medicina", "Test_medicina\Test_medicina.pyproj", "{E272FB7D-2313-45EE-9423-570B89C46866}"
EndProject
Global
	GlobalSection(SolutionConfigurationPlatforms) = preSolution
		Debug|Any CPU = Debug|Any CPU
		Release|Any CPU = Release|Any CPU
	EndGlobalSection
	GlobalSection(ProjectConfigurationPlatforms) = postSolution
		{E272FB7D-2313-45EE-9423-570B89C46866}.Debug|Any CPU.ActiveCfg = Debug|Any CPU
		{E272FB7D-2313-45EE-9423-570B89C46866}.Release|Any CPU.ActiveCfg = Release|Any CPU
	EndGlobalSection
	GlobalSection(SolutionProperties) = preSolution
		HideSolutionNode = FALSE
	EndGlobalSection
	GlobalSection(ExtensibilityGlobals) = postSolution
		SolutionGuid = {61C003D2-C545-4191-8493-7EDA588C1166}
	EndGlobalSection
EndGlobal
